// !$*UTF8*$!
{
	archiveVersion = 1;
	classes = {
	};
	objectVersion = 48;
	objects = {

/* Begin PBXBuildFile section */
		815BDC921FDB3432000B8F15 /* ClassDetail.swift in Sources */ = {isa = PBXBuildFile; fileRef = 815BDC911FDB3432000B8F15 /* ClassDetail.swift */; };
		815BDC941FDB3AED000B8F15 /* ClassDetailViewController.swift in Sources */ = {isa = PBXBuildFile; fileRef = 815BDC931FDB3AED000B8F15 /* ClassDetailViewController.swift */; };
		815BDC971FDB3B23000B8F15 /* NetworkHelper.swift in Sources */ = {isa = PBXBuildFile; fileRef = 815BDC961FDB3B23000B8F15 /* NetworkHelper.swift */; };
		815BDC9B1FDB443A000B8F15 /* Classes.swift in Sources */ = {isa = PBXBuildFile; fileRef = 815BDC9A1FDB443A000B8F15 /* Classes.swift */; };
		818CDF9A1FDA02EE00F60030 /* AppDelegate.swift in Sources */ = {isa = PBXBuildFile; fileRef = 818CDF991FDA02EE00F60030 /* AppDelegate.swift */; };
		818CDF9C1FDA02EE00F60030 /* ClassViewController.swift in Sources */ = {isa = PBXBuildFile; fileRef = 818CDF9B1FDA02EE00F60030 /* ClassViewController.swift */; };
		818CDF9F1FDA02EE00F60030 /* Main.storyboard in Resources */ = {isa = PBXBuildFile; fileRef = 818CDF9D1FDA02EE00F60030 /* Main.storyboard */; };
		818CDFA11FDA02EE00F60030 /* Assets.xcassets in Resources */ = {isa = PBXBuildFile; fileRef = 818CDFA01FDA02EE00F60030 /* Assets.xcassets */; };
		818CDFA41FDA02EE00F60030 /* LaunchScreen.storyboard in Resources */ = {isa = PBXBuildFile; fileRef = 818CDFA21FDA02EE00F60030 /* LaunchScreen.storyboard */; };
		818CDFAF1FDA02EE00F60030 /* DnDAppTests.swift in Sources */ = {isa = PBXBuildFile; fileRef = 818CDFAE1FDA02EE00F60030 /* DnDAppTests.swift */; };
		818CDFBA1FDA02EE00F60030 /* DnDAppUITests.swift in Sources */ = {isa = PBXBuildFile; fileRef = 818CDFB91FDA02EE00F60030 /* DnDAppUITests.swift */; };
/* End PBXBuildFile section */

/* Begin PBXContainerItemProxy section */
		818CDFAB1FDA02EE00F60030 /* PBXContainerItemProxy */ = {
			isa = PBXContainerItemProxy;
			containerPortal = 818CDF8E1FDA02ED00F60030 /* Project object */;
			proxyType = 1;
			remoteGlobalIDString = 818CDF951FDA02ED00F60030;
			remoteInfo = DnDApp;
		};
		818CDFB61FDA02EE00F60030 /* PBXContainerItemProxy */ = {
			isa = PBXContainerItemProxy;
			containerPortal = 818CDF8E1FDA02ED00F60030 /* Project object */;
			proxyType = 1;
			remoteGlobalIDString = 818CDF951FDA02ED00F60030;
			remoteInfo = DnDApp;
		};
/* End PBXContainerItemProxy section */

/* Begin PBXFileReference section */
		815BDC911FDB3432000B8F15 /* ClassDetail.swift */ = {isa = PBXFileReference; lastKnownFileType = sourcecode.swift; path = ClassDetail.swift; sourceTree = "<group>"; };
		815BDC931FDB3AED000B8F15 /* ClassDetailViewController.swift */ = {isa = PBXFileReference; lastKnownFileType = sourcecode.swift; path = ClassDetailViewController.swift; sourceTree = "<group>"; };
		815BDC961FDB3B23000B8F15 /* NetworkHelper.swift */ = {isa = PBXFileReference; lastKnownFileType = sourcecode.swift; path = NetworkHelper.swift; sourceTree = "<group>"; };
		815BDC9A1FDB443A000B8F15 /* Classes.swift */ = {isa = PBXFileReference; lastKnownFileType = sourcecode.swift; path = Classes.swift; sourceTree = "<group>"; };
		818CDF961FDA02ED00F60030 /* DnDApp.app */ = {isa = PBXFileReference; explicitFileType = wrapper.application; includeInIndex = 0; path = DnDApp.app; sourceTree = BUILT_PRODUCTS_DIR; };
		818CDF991FDA02EE00F60030 /* AppDelegate.swift */ = {isa = PBXFileReference; lastKnownFileType = sourcecode.swift; path = AppDelegate.swift; sourceTree = "<group>"; };
		818CDF9B1FDA02EE00F60030 /* ClassViewController.swift */ = {isa = PBXFileReference; lastKnownFileType = sourcecode.swift; path = ClassViewController.swift; sourceTree = "<group>"; };
		818CDF9E1FDA02EE00F60030 /* Base */ = {isa = PBXFileReference; lastKnownFileType = file.storyboard; name = Base; path = Base.lproj/Main.storyboard; sourceTree = "<group>"; };
		818CDFA01FDA02EE00F60030 /* Assets.xcassets */ = {isa = PBXFileReference; lastKnownFileType = folder.assetcatalog; path = Assets.xcassets; sourceTree = "<group>"; };
		818CDFA31FDA02EE00F60030 /* Base */ = {isa = PBXFileReference; lastKnownFileType = file.storyboard; name = Base; path = Base.lproj/LaunchScreen.storyboard; sourceTree = "<group>"; };
		818CDFA51FDA02EE00F60030 /* Info.plist */ = {isa = PBXFileReference; lastKnownFileType = text.plist.xml; path = Info.plist; sourceTree = "<group>"; };
		818CDFAA1FDA02EE00F60030 /* DnDAppTests.xctest */ = {isa = PBXFileReference; explicitFileType = wrapper.cfbundle; includeInIndex = 0; path = DnDAppTests.xctest; sourceTree = BUILT_PRODUCTS_DIR; };
		818CDFAE1FDA02EE00F60030 /* DnDAppTests.swift */ = {isa = PBXFileReference; lastKnownFileType = sourcecode.swift; path = DnDAppTests.swift; sourceTree = "<group>"; };
		818CDFB01FDA02EE00F60030 /* Info.plist */ = {isa = PBXFileReference; lastKnownFileType = text.plist.xml; path = Info.plist; sourceTree = "<group>"; };
		818CDFB51FDA02EE00F60030 /* DnDAppUITests.xctest */ = {isa = PBXFileReference; explicitFileType = wrapper.cfbundle; includeInIndex = 0; path = DnDAppUITests.xctest; sourceTree = BUILT_PRODUCTS_DIR; };
		818CDFB91FDA02EE00F60030 /* DnDAppUITests.swift */ = {isa = PBXFileReference; lastKnownFileType = sourcecode.swift; path = DnDAppUITests.swift; sourceTree = "<group>"; };
		818CDFBB1FDA02EE00F60030 /* Info.plist */ = {isa = PBXFileReference; lastKnownFileType = text.plist.xml; path = Info.plist; sourceTree = "<group>"; };
/* End PBXFileReference section */

/* Begin PBXFrameworksBuildPhase section */
		818CDF931FDA02ED00F60030 /* Frameworks */ = {
			isa = PBXFrameworksBuildPhase;
			buildActionMask = 2147483647;
			files = (
			);
			runOnlyForDeploymentPostprocessing = 0;
		};
		818CDFA71FDA02EE00F60030 /* Frameworks */ = {
			isa = PBXFrameworksBuildPhase;
			buildActionMask = 2147483647;
			files = (
			);
			runOnlyForDeploymentPostprocessing = 0;
		};
		818CDFB21FDA02EE00F60030 /* Frameworks */ = {
			isa = PBXFrameworksBuildPhase;
			buildActionMask = 2147483647;
			files = (
			);
			runOnlyForDeploymentPostprocessing = 0;
		};
/* End PBXFrameworksBuildPhase section */

/* Begin PBXGroup section */
		815BDC951FDB3B0E000B8F15 /* ViewControllers */ = {
			isa = PBXGroup;
			children = (
				818CDF9B1FDA02EE00F60030 /* ClassViewController.swift */,
				815BDC931FDB3AED000B8F15 /* ClassDetailViewController.swift */,
			);
			path = ViewControllers;
			sourceTree = "<group>";
		};
		818CDF8D1FDA02ED00F60030 = {
			isa = PBXGroup;
			children = (
				818CDF981FDA02ED00F60030 /* DnDApp */,
				818CDFAD1FDA02EE00F60030 /* DnDAppTests */,
				818CDFB81FDA02EE00F60030 /* DnDAppUITests */,
				818CDF971FDA02ED00F60030 /* Products */,
			);
			sourceTree = "<group>";
		};
		818CDF971FDA02ED00F60030 /* Products */ = {
			isa = PBXGroup;
			children = (
				818CDF961FDA02ED00F60030 /* DnDApp.app */,
				818CDFAA1FDA02EE00F60030 /* DnDAppTests.xctest */,
				818CDFB51FDA02EE00F60030 /* DnDAppUITests.xctest */,
			);
			name = Products;
			sourceTree = "<group>";
		};
		818CDF981FDA02ED00F60030 /* DnDApp */ = {
			isa = PBXGroup;
			children = (
				818CDFC71FDA02F700F60030 /* Supporting Files */,
				818CDFCA1FDAE27A00F60030 /* Models */,
				815BDC951FDB3B0E000B8F15 /* ViewControllers */,
				818CDF9D1FDA02EE00F60030 /* Main.storyboard */,
				818CDFA51FDA02EE00F60030 /* Info.plist */,
			);
			path = DnDApp;
			sourceTree = "<group>";
		};
		818CDFAD1FDA02EE00F60030 /* DnDAppTests */ = {
			isa = PBXGroup;
			children = (
				818CDFAE1FDA02EE00F60030 /* DnDAppTests.swift */,
				818CDFB01FDA02EE00F60030 /* Info.plist */,
			);
			path = DnDAppTests;
			sourceTree = "<group>";
		};
		818CDFB81FDA02EE00F60030 /* DnDAppUITests */ = {
			isa = PBXGroup;
			children = (
				818CDFB91FDA02EE00F60030 /* DnDAppUITests.swift */,
				818CDFBB1FDA02EE00F60030 /* Info.plist */,
			);
			path = DnDAppUITests;
			sourceTree = "<group>";
		};
		818CDFC71FDA02F700F60030 /* Supporting Files */ = {
			isa = PBXGroup;
			children = (
				818CDF991FDA02EE00F60030 /* AppDelegate.swift */,
				818CDFA01FDA02EE00F60030 /* Assets.xcassets */,
				818CDFA21FDA02EE00F60030 /* LaunchScreen.storyboard */,
			);
			path = "Supporting Files";
			sourceTree = "<group>";
		};
		818CDFCA1FDAE27A00F60030 /* Models */ = {
			isa = PBXGroup;
			children = (
				815BDC961FDB3B23000B8F15 /* NetworkHelper.swift */,
				815BDC9A1FDB443A000B8F15 /* Classes.swift */,
				815BDC911FDB3432000B8F15 /* ClassDetail.swift */,
			);
			path = Models;
			sourceTree = "<group>";
		};
/* End PBXGroup section */

/* Begin PBXNativeTarget section */
		818CDF951FDA02ED00F60030 /* DnDApp */ = {
			isa = PBXNativeTarget;
			buildConfigurationList = 818CDFBE1FDA02EE00F60030 /* Build configuration list for PBXNativeTarget "DnDApp" */;
			buildPhases = (
				818CDF921FDA02ED00F60030 /* Sources */,
				818CDF931FDA02ED00F60030 /* Frameworks */,
				818CDF941FDA02ED00F60030 /* Resources */,
			);
			buildRules = (
			);
			dependencies = (
			);
			name = DnDApp;
			productName = DnDApp;
			productReference = 818CDF961FDA02ED00F60030 /* DnDApp.app */;
			productType = "com.apple.product-type.application";
		};
		818CDFA91FDA02EE00F60030 /* DnDAppTests */ = {
			isa = PBXNativeTarget;
			buildConfigurationList = 818CDFC11FDA02EE00F60030 /* Build configuration list for PBXNativeTarget "DnDAppTests" */;
			buildPhases = (
				818CDFA61FDA02EE00F60030 /* Sources */,
				818CDFA71FDA02EE00F60030 /* Frameworks */,
				818CDFA81FDA02EE00F60030 /* Resources */,
			);
			buildRules = (
			);
			dependencies = (
				818CDFAC1FDA02EE00F60030 /* PBXTargetDependency */,
			);
			name = DnDAppTests;
			productName = DnDAppTests;
			productReference = 818CDFAA1FDA02EE00F60030 /* DnDAppTests.xctest */;
			productType = "com.apple.product-type.bundle.unit-test";
		};
		818CDFB41FDA02EE00F60030 /* DnDAppUITests */ = {
			isa = PBXNativeTarget;
			buildConfigurationList = 818CDFC41FDA02EE00F60030 /* Build configuration list for PBXNativeTarget "DnDAppUITests" */;
			buildPhases = (
				818CDFB11FDA02EE00F60030 /* Sources */,
				818CDFB21FDA02EE00F60030 /* Frameworks */,
				818CDFB31FDA02EE00F60030 /* Resources */,
			);
			buildRules = (
			);
			dependencies = (
				818CDFB71FDA02EE00F60030 /* PBXTargetDependency */,
			);
			name = DnDAppUITests;
			productName = DnDAppUITests;
			productReference = 818CDFB51FDA02EE00F60030 /* DnDAppUITests.xctest */;
			productType = "com.apple.product-type.bundle.ui-testing";
		};
/* End PBXNativeTarget section */

/* Begin PBXProject section */
		818CDF8E1FDA02ED00F60030 /* Project object */ = {
			isa = PBXProject;
			attributes = {
				LastSwiftUpdateCheck = 0910;
				LastUpgradeCheck = 0910;
				ORGANIZATIONNAME = C4Q;
				TargetAttributes = {
					818CDF951FDA02ED00F60030 = {
						CreatedOnToolsVersion = 9.1;
						ProvisioningStyle = Automatic;
					};
					818CDFA91FDA02EE00F60030 = {
						CreatedOnToolsVersion = 9.1;
						ProvisioningStyle = Automatic;
						TestTargetID = 818CDF951FDA02ED00F60030;
					};
					818CDFB41FDA02EE00F60030 = {
						CreatedOnToolsVersion = 9.1;
						ProvisioningStyle = Automatic;
						TestTargetID = 818CDF951FDA02ED00F60030;
					};
				};
			};
			buildConfigurationList = 818CDF911FDA02ED00F60030 /* Build configuration list for PBXProject "DnDApp" */;
			compatibilityVersion = "Xcode 8.0";
			developmentRegion = en;
			hasScannedForEncodings = 0;
			knownRegions = (
				en,
				Base,
			);
			mainGroup = 818CDF8D1FDA02ED00F60030;
			productRefGroup = 818CDF971FDA02ED00F60030 /* Products */;
			projectDirPath = "";
			projectRoot = "";
			targets = (
				818CDF951FDA02ED00F60030 /* DnDApp */,
				818CDFA91FDA02EE00F60030 /* DnDAppTests */,
				818CDFB41FDA02EE00F60030 /* DnDAppUITests */,
			);
		};
/* End PBXProject section */

/* Begin PBXResourcesBuildPhase section */
		818CDF941FDA02ED00F60030 /* Resources */ = {
			isa = PBXResourcesBuildPhase;
			buildActionMask = 2147483647;
			files = (
				818CDFA41FDA02EE00F60030 /* LaunchScreen.storyboard in Resources */,
				818CDFA11FDA02EE00F60030 /* Assets.xcassets in Resources */,
				818CDF9F1FDA02EE00F60030 /* Main.storyboard in Resources */,
			);
			runOnlyForDeploymentPostprocessing = 0;
		};
		818CDFA81FDA02EE00F60030 /* Resources */ = {
			isa = PBXResourcesBuildPhase;
			buildActionMask = 2147483647;
			files = (
			);
			runOnlyForDeploymentPostprocessing = 0;
		};
		818CDFB31FDA02EE00F60030 /* Resources */ = {
			isa = PBXResourcesBuildPhase;
			buildActionMask = 2147483647;
			files = (
			);
			runOnlyForDeploymentPostprocessing = 0;
		};
/* End PBXResourcesBuildPhase section */

/* Begin PBXSourcesBuildPhase section */
		818CDF921FDA02ED00F60030 /* Sources */ = {
			isa = PBXSourcesBuildPhase;
			buildActionMask = 2147483647;
			files = (
				818CDF9C1FDA02EE00F60030 /* ClassViewController.swift in Sources */,
				815BDC9B1FDB443A000B8F15 /* Classes.swift in Sources */,
				815BDC921FDB3432000B8F15 /* ClassDetail.swift in Sources */,
				815BDC971FDB3B23000B8F15 /* NetworkHelper.swift in Sources */,
				815BDC941FDB3AED000B8F15 /* ClassDetailViewController.swift in Sources */,
				818CDF9A1FDA02EE00F60030 /* AppDelegate.swift in Sources */,
			);
			runOnlyForDeploymentPostprocessing = 0;
		};
		818CDFA61FDA02EE00F60030 /* Sources */ = {
			isa = PBXSourcesBuildPhase;
			buildActionMask = 2147483647;
			files = (
				818CDFAF1FDA02EE00F60030 /* DnDAppTests.swift in Sources */,
			);
			runOnlyForDeploymentPostprocessing = 0;
		};
		818CDFB11FDA02EE00F60030 /* Sources */ = {
			isa = PBXSourcesBuildPhase;
			buildActionMask = 2147483647;
			files = (
				818CDFBA1FDA02EE00F60030 /* DnDAppUITests.swift in Sources */,
			);
			runOnlyForDeploymentPostprocessing = 0;
		};
/* End PBXSourcesBuildPhase section */

/* Begin PBXTargetDependency section */
		818CDFAC1FDA02EE00F60030 /* PBXTargetDependency */ = {
			isa = PBXTargetDependency;
			target = 818CDF951FDA02ED00F60030 /* DnDApp */;
			targetProxy = 818CDFAB1FDA02EE00F60030 /* PBXContainerItemProxy */;
		};
		818CDFB71FDA02EE00F60030 /* PBXTargetDependency */ = {
			isa = PBXTargetDependency;
			target = 818CDF951FDA02ED00F60030 /* DnDApp */;
			targetProxy = 818CDFB61FDA02EE00F60030 /* PBXContainerItemProxy */;
		};
/* End PBXTargetDependency section */

/* Begin PBXVariantGroup section */
		818CDF9D1FDA02EE00F60030 /* Main.storyboard */ = {
			isa = PBXVariantGroup;
			children = (
				818CDF9E1FDA02EE00F60030 /* Base */,
			);
			name = Main.storyboard;
			sourceTree = "<group>";
		};
		818CDFA21FDA02EE00F60030 /* LaunchScreen.storyboard */ = {
			isa = PBXVariantGroup;
			children = (
				818CDFA31FDA02EE00F60030 /* Base */,
			);
			name = LaunchScreen.storyboard;
			sourceTree = "<group>";
		};
/* End PBXVariantGroup section */

/* Begin XCBuildConfiguration section */
		818CDFBC1FDA02EE00F60030 /* Debug */ = {
			isa = XCBuildConfiguration;
			buildSettings = {
				ALWAYS_SEARCH_USER_PATHS = NO;
				CLANG_ANALYZER_NONNULL = YES;
				CLANG_ANALYZER_NUMBER_OBJECT_CONVERSION = YES_AGGRESSIVE;
				CLANG_CXX_LANGUAGE_STANDARD = "gnu++14";
				CLANG_CXX_LIBRARY = "libc++";
				CLANG_ENABLE_MODULES = YES;
				CLANG_ENABLE_OBJC_ARC = YES;
				CLANG_WARN_BLOCK_CAPTURE_AUTORELEASING = YES;
				CLANG_WARN_BOOL_CONVERSION = YES;
				CLANG_WARN_COMMA = YES;
				CLANG_WARN_CONSTANT_CONVERSION = YES;
				CLANG_WARN_DIRECT_OBJC_ISA_USAGE = YES_ERROR;
				CLANG_WARN_DOCUMENTATION_COMMENTS = YES;
				CLANG_WARN_EMPTY_BODY = YES;
				CLANG_WARN_ENUM_CONVERSION = YES;
				CLANG_WARN_INFINITE_RECURSION = YES;
				CLANG_WARN_INT_CONVERSION = YES;
				CLANG_WARN_NON_LITERAL_NULL_CONVERSION = YES;
				CLANG_WARN_OBJC_LITERAL_CONVERSION = YES;
				CLANG_WARN_OBJC_ROOT_CLASS = YES_ERROR;
				CLANG_WARN_RANGE_LOOP_ANALYSIS = YES;
				CLANG_WARN_STRICT_PROTOTYPES = YES;
				CLANG_WARN_SUSPICIOUS_MOVE = YES;
				CLANG_WARN_UNGUARDED_AVAILABILITY = YES_AGGRESSIVE;
				CLANG_WARN_UNREACHABLE_CODE = YES;
				CLANG_WARN__DUPLICATE_METHOD_MATCH = YES;
				CODE_SIGN_IDENTITY = "iPhone Developer";
				COPY_PHASE_STRIP = NO;
				DEBUG_INFORMATION_FORMAT = dwarf;
				ENABLE_STRICT_OBJC_MSGSEND = YES;
				ENABLE_TESTABILITY = YES;
				GCC_C_LANGUAGE_STANDARD = gnu11;
				GCC_DYNAMIC_NO_PIC = NO;
				GCC_NO_COMMON_BLOCKS = YES;
				GCC_OPTIMIZATION_LEVEL = 0;
				GCC_PREPROCESSOR_DEFINITIONS = (
					"DEBUG=1",
					"$(inherited)",
				);
				GCC_WARN_64_TO_32_BIT_CONVERSION = YES;
				GCC_WARN_ABOUT_RETURN_TYPE = YES_ERROR;
				GCC_WARN_UNDECLARED_SELECTOR = YES;
				GCC_WARN_UNINITIALIZED_AUTOS = YES_AGGRESSIVE;
				GCC_WARN_UNUSED_FUNCTION = YES;
				GCC_WARN_UNUSED_VARIABLE = YES;
				IPHONEOS_DEPLOYMENT_TARGET = 11.1;
				MTL_ENABLE_DEBUG_INFO = YES;
				ONLY_ACTIVE_ARCH = YES;
				SDKROOT = iphoneos;
				SWIFT_ACTIVE_COMPILATION_CONDITIONS = DEBUG;
				SWIFT_OPTIMIZATION_LEVEL = "-Onone";
			};
			name = Debug;
		};
		818CDFBD1FDA02EE00F60030 /* Release */ = {
			isa = XCBuildConfiguration;
			buildSettings = {
				ALWAYS_SEARCH_USER_PATHS = NO;
				CLANG_ANALYZER_NONNULL = YES;
				CLANG_ANALYZER_NUMBER_OBJECT_CONVERSION = YES_AGGRESSIVE;
				CLANG_CXX_LANGUAGE_STANDARD = "gnu++14";
				CLANG_CXX_LIBRARY = "libc++";
				CLANG_ENABLE_MODULES = YES;
				CLANG_ENABLE_OBJC_ARC = YES;
				CLANG_WARN_BLOCK_CAPTURE_AUTORELEASING = YES;
				CLANG_WARN_BOOL_CONVERSION = YES;
				CLANG_WARN_COMMA = YES;
				CLANG_WARN_CONSTANT_CONVERSION = YES;
				CLANG_WARN_DIRECT_OBJC_ISA_USAGE = YES_ERROR;
				CLANG_WARN_DOCUMENTATION_COMMENTS = YES;
				CLANG_WARN_EMPTY_BODY = YES;
				CLANG_WARN_ENUM_CONVERSION = YES;
				CLANG_WARN_INFINITE_RECURSION = YES;
				CLANG_WARN_INT_CONVERSION = YES;
				CLANG_WARN_NON_LITERAL_NULL_CONVERSION = YES;
				CLANG_WARN_OBJC_LITERAL_CONVERSION = YES;
				CLANG_WARN_OBJC_ROOT_CLASS = YES_ERROR;
				CLANG_WARN_RANGE_LOOP_ANALYSIS = YES;
				CLANG_WARN_STRICT_PROTOTYPES = YES;
				CLANG_WARN_SUSPICIOUS_MOVE = YES;
				CLANG_WARN_UNGUARDED_AVAILABILITY = YES_AGGRESSIVE;
				CLANG_WARN_UNREACHABLE_CODE = YES;
				CLANG_WARN__DUPLICATE_METHOD_MATCH = YES;
				CODE_SIGN_IDENTITY = "iPhone Developer";
				COPY_PHASE_STRIP = NO;
				DEBUG_INFORMATION_FORMAT = "dwarf-with-dsym";
				ENABLE_NS_ASSERTIONS = NO;
				ENABLE_STRICT_OBJC_MSGSEND = YES;
				GCC_C_LANGUAGE_STANDARD = gnu11;
				GCC_NO_COMMON_BLOCKS = YES;
				GCC_WARN_64_TO_32_BIT_CONVERSION = YES;
				GCC_WARN_ABOUT_RETURN_TYPE = YES_ERROR;
				GCC_WARN_UNDECLARED_SELECTOR = YES;
				GCC_WARN_UNINITIALIZED_AUTOS = YES_AGGRESSIVE;
				GCC_WARN_UNUSED_FUNCTION = YES;
				GCC_WARN_UNUSED_VARIABLE = YES;
				IPHONEOS_DEPLOYMENT_TARGET = 11.1;
				MTL_ENABLE_DEBUG_INFO = NO;
				SDKROOT = iphoneos;
				SWIFT_OPTIMIZATION_LEVEL = "-Owholemodule";
				VALIDATE_PRODUCT = YES;
			};
			name = Release;
		};
		818CDFBF1FDA02EE00F60030 /* Debug */ = {
			isa = XCBuildConfiguration;
			buildSettings = {
				ASSETCATALOG_COMPILER_APPICON_NAME = AppIcon;
				CODE_SIGN_STYLE = Automatic;
				INFOPLIST_FILE = DnDApp/Info.plist;
				LD_RUNPATH_SEARCH_PATHS = "$(inherited) @executable_path/Frameworks";
				PRODUCT_BUNDLE_IDENTIFIER = nyc.c4q.AC4.3.DnDApp;
				PRODUCT_NAME = "$(TARGET_NAME)";
				SWIFT_VERSION = 4.0;
				TARGETED_DEVICE_FAMILY = "1,2";
			};
			name = Debug;
		};
		818CDFC01FDA02EE00F60030 /* Release */ = {
			isa = XCBuildConfiguration;
			buildSettings = {
				ASSETCATALOG_COMPILER_APPICON_NAME = AppIcon;
				CODE_SIGN_STYLE = Automatic;
				INFOPLIST_FILE = DnDApp/Info.plist;
				LD_RUNPATH_SEARCH_PATHS = "$(inherited) @executable_path/Frameworks";
				PRODUCT_BUNDLE_IDENTIFIER = nyc.c4q.AC4.3.DnDApp;
				PRODUCT_NAME = "$(TARGET_NAME)";
				SWIFT_VERSION = 4.0;
				TARGETED_DEVICE_FAMILY = "1,2";
			};
			name = Release;
		};
		818CDFC21FDA02EE00F60030 /* Debug */ = {
			isa = XCBuildConfiguration;
			buildSettings = {
				ALWAYS_EMBED_SWIFT_STANDARD_LIBRARIES = YES;
				BUNDLE_LOADER = "$(TEST_HOST)";
				CODE_SIGN_STYLE = Automatic;
				INFOPLIST_FILE = DnDAppTests/Info.plist;
				LD_RUNPATH_SEARCH_PATHS = "$(inherited) @executable_path/Frameworks @loader_path/Frameworks";
				PRODUCT_BUNDLE_IDENTIFIER = nyc.c4q.AC4.3.DnDAppTests;
				PRODUCT_NAME = "$(TARGET_NAME)";
				SWIFT_VERSION = 4.0;
				TARGETED_DEVICE_FAMILY = "1,2";
				TEST_HOST = "$(BUILT_PRODUCTS_DIR)/DnDApp.app/DnDApp";
			};
			name = Debug;
		};
		818CDFC31FDA02EE00F60030 /* Release */ = {
			isa = XCBuildConfiguration;
			buildSettings = {
				ALWAYS_EMBED_SWIFT_STANDARD_LIBRARIES = YES;
				BUNDLE_LOADER = "$(TEST_HOST)";
				CODE_SIGN_STYLE = Automatic;
				INFOPLIST_FILE = DnDAppTests/Info.plist;
				LD_RUNPATH_SEARCH_PATHS = "$(inherited) @executable_path/Frameworks @loader_path/Frameworks";
				PRODUCT_BUNDLE_IDENTIFIER = nyc.c4q.AC4.3.DnDAppTests;
				PRODUCT_NAME = "$(TARGET_NAME)";
				SWIFT_VERSION = 4.0;
				TARGETED_DEVICE_FAMILY = "1,2";
				TEST_HOST = "$(BUILT_PRODUCTS_DIR)/DnDApp.app/DnDApp";
			};
			name = Release;
		};
		818CDFC51FDA02EE00F60030 /* Debug */ = {
			isa = XCBuildConfiguration;
			buildSettings = {
				ALWAYS_EMBED_SWIFT_STANDARD_LIBRARIES = YES;
				CODE_SIGN_STYLE = Automatic;
				INFOPLIST_FILE = DnDAppUITests/Info.plist;
				LD_RUNPATH_SEARCH_PATHS = "$(inherited) @executable_path/Frameworks @loader_path/Frameworks";
				PRODUCT_BUNDLE_IDENTIFIER = nyc.c4q.AC4.3.DnDAppUITests;
				PRODUCT_NAME = "$(TARGET_NAME)";
				SWIFT_VERSION = 4.0;
				TARGETED_DEVICE_FAMILY = "1,2";
				TEST_TARGET_NAME = DnDApp;
			};
			name = Debug;
		};
		818CDFC61FDA02EE00F60030 /* Release */ = {
			isa = XCBuildConfiguration;
			buildSettings = {
				ALWAYS_EMBED_SWIFT_STANDARD_LIBRARIES = YES;
				CODE_SIGN_STYLE = Automatic;
				INFOPLIST_FILE = DnDAppUITests/Info.plist;
				LD_RUNPATH_SEARCH_PATHS = "$(inherited) @executable_path/Frameworks @loader_path/Frameworks";
				PRODUCT_BUNDLE_IDENTIFIER = nyc.c4q.AC4.3.DnDAppUITests;
				PRODUCT_NAME = "$(TARGET_NAME)";
				SWIFT_VERSION = 4.0;
				TARGETED_DEVICE_FAMILY = "1,2";
				TEST_TARGET_NAME = DnDApp;
			};
			name = Release;
		};
/* End XCBuildConfiguration section */

/* Begin XCConfigurationList section */
		818CDF911FDA02ED00F60030 /* Build configuration list for PBXProject "DnDApp" */ = {
			isa = XCConfigurationList;
			buildConfigurations = (
				818CDFBC1FDA02EE00F60030 /* Debug */,
				818CDFBD1FDA02EE00F60030 /* Release */,
			);
			defaultConfigurationIsVisible = 0;
			defaultConfigurationName = Release;
		};
		818CDFBE1FDA02EE00F60030 /* Build configuration list for PBXNativeTarget "DnDApp" */ = {
			isa = XCConfigurationList;
			buildConfigurations = (
				818CDFBF1FDA02EE00F60030 /* Debug */,
				818CDFC01FDA02EE00F60030 /* Release */,
			);
			defaultConfigurationIsVisible = 0;
			defaultConfigurationName = Release;
		};
		818CDFC11FDA02EE00F60030 /* Build configuration list for PBXNativeTarget "DnDAppTests" */ = {
			isa = XCConfigurationList;
			buildConfigurations = (
				818CDFC21FDA02EE00F60030 /* Debug */,
				818CDFC31FDA02EE00F60030 /* Release */,
			);
			defaultConfigurationIsVisible = 0;
			defaultConfigurationName = Release;
		};
		818CDFC41FDA02EE00F60030 /* Build configuration list for PBXNativeTarget "DnDAppUITests" */ = {
			isa = XCConfigurationList;
			buildConfigurations = (
				818CDFC51FDA02EE00F60030 /* Debug */,
				818CDFC61FDA02EE00F60030 /* Release */,
			);
			defaultConfigurationIsVisible = 0;
			defaultConfigurationName = Release;
		};
/* End XCConfigurationList section */
	};
	rootObject = 818CDF8E1FDA02ED00F60030 /* Project object */;
}
